
Microsoft Visual Studio Solution File, Format Version 12.00
# Visual Studio Version 17
VisualStudioVersion = 17.7.34031.279
MinimumVisualStudioVersion = 10.0.40219.1
Project("{8BC9CEB8-8B4A-11D0-8D11-00A0C91BC942}") = "ScreenCapture", "ScreenCapture\ScreenCapture.vcxproj", "{9F73FB12-7412-4509-BD1E-39AFF5903745}"
	ProjectSection(ProjectDependencies) = postProject
		{4C205593-11AC-40CC-BCA6-3EC46BBE1FFF} = {4C205593-11AC-40CC-BCA6-3EC46BBE1FFF}
	EndProjectSection
EndProject
Project("{8BC9CEB8-8B4A-11D0-8D11-00A0C91BC942}") = "MultiThreadFrameGetter", "MultiThreadFrameGetter\MultiThreadFrameGetter.vcxproj", "{A7F9955A-D86E-4553-B04F-90863DC98018}"
	ProjectSection(ProjectDependencies) = postProject
		{9F73FB12-7412-4509-BD1E-39AFF5903745} = {9F73FB12-7412-4509-BD1E-39AFF5903745}
	EndProjectSection
EndProject
Project("{8BC9CEB8-8B4A-11D0-8D11-00A0C91BC942}") = "FramePacketizer", "FramePacketizer\FramePacketizer.vcxproj", "{645BC3DE-FEA4-4A34-8B9C-A7C774132519}"
	ProjectSection(ProjectDependencies) = postProject
		{4C205593-11AC-40CC-BCA6-3EC46BBE1FFF} = {4C205593-11AC-40CC-BCA6-3EC46BBE1FFF}
		{7190B395-6F60-468F-AD8D-C939E8A9BB38} = {7190B395-6F60-468F-AD8D-C939E8A9BB38}
		{9F73FB12-7412-4509-BD1E-39AFF5903745} = {9F73FB12-7412-4509-BD1E-39AFF5903745}
		{A7F9955A-D86E-4553-B04F-90863DC98018} = {A7F9955A-D86E-4553-B04F-90863DC98018}
	EndProjectSection
EndProject
Project("{8BC9CEB8-8B4A-11D0-8D11-00A0C91BC942}") = "MutexQueue", "MutexQueue\MutexQueue.vcxproj", "{4C205593-11AC-40CC-BCA6-3EC46BBE1FFF}"
EndProject
Project("{8BC9CEB8-8B4A-11D0-8D11-00A0C91BC942}") = "ScreenPrinter", "ScreenPrinter\ScreenPrinter.vcxproj", "{7190B395-6F60-468F-AD8D-C939E8A9BB38}"
	ProjectSection(ProjectDependencies) = postProject
		{9F73FB12-7412-4509-BD1E-39AFF5903745} = {9F73FB12-7412-4509-BD1E-39AFF5903745}
	EndProjectSection
EndProject
Project("{8BC9CEB8-8B4A-11D0-8D11-00A0C91BC942}") = "CommonConfig", "CommonConfig\CommonConfig.vcxproj", "{9B3B07E3-16A5-4329-99BD-0BCE1503B40F}"
EndProject
Project("{8BC9CEB8-8B4A-11D0-8D11-00A0C91BC942}") = "RtspServer", "RtspServerExample\RtspServer.vcxproj", "{3E99FA7D-F5DF-4009-BE1A-6FE6682E8CC1}"
EndProject
Project("{8BC9CEB8-8B4A-11D0-8D11-00A0C91BC942}") = "Live555RtspServer", "Live555RtspServer\Live555RtspServer.vcxproj", "{0F8CBEF3-F4AB-4468-9826-72303F79E528}"
	ProjectSection(ProjectDependencies) = postProject
		{645BC3DE-FEA4-4A34-8B9C-A7C774132519} = {645BC3DE-FEA4-4A34-8B9C-A7C774132519}
	EndProjectSection
EndProject
Global
	GlobalSection(SolutionConfigurationPlatforms) = preSolution
		Debug|x64 = Debug|x64
		Debug|x86 = Debug|x86
		Release|x64 = Release|x64
		Release|x86 = Release|x86
	EndGlobalSection
	GlobalSection(ProjectConfigurationPlatforms) = postSolution
		{9F73FB12-7412-4509-BD1E-39AFF5903745}.Debug|x64.ActiveCfg = Debug|x64
		{9F73FB12-7412-4509-BD1E-39AFF5903745}.Debug|x64.Build.0 = Debug|x64
		{9F73FB12-7412-4509-BD1E-39AFF5903745}.Debug|x86.ActiveCfg = Debug|x64
		{9F73FB12-7412-4509-BD1E-39AFF5903745}.Release|x64.ActiveCfg = Release|x64
		{9F73FB12-7412-4509-BD1E-39AFF5903745}.Release|x64.Build.0 = Release|x64
		{9F73FB12-7412-4509-BD1E-39AFF5903745}.Release|x86.ActiveCfg = Release|x64
		{A7F9955A-D86E-4553-B04F-90863DC98018}.Debug|x64.ActiveCfg = Debug|x64
		{A7F9955A-D86E-4553-B04F-90863DC98018}.Debug|x64.Build.0 = Debug|x64
		{A7F9955A-D86E-4553-B04F-90863DC98018}.Debug|x86.ActiveCfg = Debug|x64
		{A7F9955A-D86E-4553-B04F-90863DC98018}.Release|x64.ActiveCfg = Release|x64
		{A7F9955A-D86E-4553-B04F-90863DC98018}.Release|x64.Build.0 = Release|x64
		{A7F9955A-D86E-4553-B04F-90863DC98018}.Release|x86.ActiveCfg = Release|x64
		{645BC3DE-FEA4-4A34-8B9C-A7C774132519}.Debug|x64.ActiveCfg = Debug|x64
		{645BC3DE-FEA4-4A34-8B9C-A7C774132519}.Debug|x64.Build.0 = Debug|x64
		{645BC3DE-FEA4-4A34-8B9C-A7C774132519}.Debug|x86.ActiveCfg = Debug|x64
		{645BC3DE-FEA4-4A34-8B9C-A7C774132519}.Release|x64.ActiveCfg = Release|x64
		{645BC3DE-FEA4-4A34-8B9C-A7C774132519}.Release|x64.Build.0 = Release|x64
		{645BC3DE-FEA4-4A34-8B9C-A7C774132519}.Release|x86.ActiveCfg = Release|Win32
		{645BC3DE-FEA4-4A34-8B9C-A7C774132519}.Release|x86.Build.0 = Release|Win32
		{4C205593-11AC-40CC-BCA6-3EC46BBE1FFF}.Debug|x64.ActiveCfg = Debug|x64
		{4C205593-11AC-40CC-BCA6-3EC46BBE1FFF}.Debug|x64.Build.0 = Debug|x64
		{4C205593-11AC-40CC-BCA6-3EC46BBE1FFF}.Debug|x86.ActiveCfg = Debug|x64
		{4C205593-11AC-40CC-BCA6-3EC46BBE1FFF}.Release|x64.ActiveCfg = Release|x64
		{4C205593-11AC-40CC-BCA6-3EC46BBE1FFF}.Release|x64.Build.0 = Release|x64
		{4C205593-11AC-40CC-BCA6-3EC46BBE1FFF}.Release|x86.ActiveCfg = Release|x64
		{7190B395-6F60-468F-AD8D-C939E8A9BB38}.Debug|x64.ActiveCfg = Debug|x64
		{7190B395-6F60-468F-AD8D-C939E8A9BB38}.Debug|x64.Build.0 = Debug|x64
		{7190B395-6F60-468F-AD8D-C939E8A9BB38}.Debug|x86.ActiveCfg = Debug|x64
		{7190B395-6F60-468F-AD8D-C939E8A9BB38}.Release|x64.ActiveCfg = Release|x64
		{7190B395-6F60-468F-AD8D-C939E8A9BB38}.Release|x64.Build.0 = Release|x64
		{7190B395-6F60-468F-AD8D-C939E8A9BB38}.Release|x86.ActiveCfg = Release|x64
		{9B3B07E3-16A5-4329-99BD-0BCE1503B40F}.Debug|x64.ActiveCfg = Debug|x64
		{9B3B07E3-16A5-4329-99BD-0BCE1503B40F}.Debug|x64.Build.0 = Debug|x64
		{9B3B07E3-16A5-4329-99BD-0BCE1503B40F}.Debug|x86.ActiveCfg = Debug|x64
		{9B3B07E3-16A5-4329-99BD-0BCE1503B40F}.Release|x64.ActiveCfg = Release|x64
		{9B3B07E3-16A5-4329-99BD-0BCE1503B40F}.Release|x64.Build.0 = Release|x64
		{9B3B07E3-16A5-4329-99BD-0BCE1503B40F}.Release|x86.ActiveCfg = Release|Win32
		{9B3B07E3-16A5-4329-99BD-0BCE1503B40F}.Release|x86.Build.0 = Release|Win32
		{3E99FA7D-F5DF-4009-BE1A-6FE6682E8CC1}.Debug|x64.ActiveCfg = Debug|x64
		{3E99FA7D-F5DF-4009-BE1A-6FE6682E8CC1}.Debug|x64.Build.0 = Debug|x64
		{3E99FA7D-F5DF-4009-BE1A-6FE6682E8CC1}.Debug|x86.ActiveCfg = Debug|x64
		{3E99FA7D-F5DF-4009-BE1A-6FE6682E8CC1}.Debug|x86.Build.0 = Debug|x64
		{3E99FA7D-F5DF-4009-BE1A-6FE6682E8CC1}.Release|x64.ActiveCfg = Release|x64
		{3E99FA7D-F5DF-4009-BE1A-6FE6682E8CC1}.Release|x64.Build.0 = Release|x64
		{3E99FA7D-F5DF-4009-BE1A-6FE6682E8CC1}.Release|x86.ActiveCfg = Release|x64
		{3E99FA7D-F5DF-4009-BE1A-6FE6682E8CC1}.Release|x86.Build.0 = Release|x64
		{0F8CBEF3-F4AB-4468-9826-72303F79E528}.Debug|x64.ActiveCfg = Debug|x64
		{0F8CBEF3-F4AB-4468-9826-72303F79E528}.Debug|x64.Build.0 = Debug|x64
		{0F8CBEF3-F4AB-4468-9826-72303F79E528}.Debug|x86.ActiveCfg = Debug|x64
		{0F8CBEF3-F4AB-4468-9826-72303F79E528}.Release|x64.ActiveCfg = Release|x64
		{0F8CBEF3-F4AB-4468-9826-72303F79E528}.Release|x64.Build.0 = Release|x64
		{0F8CBEF3-F4AB-4468-9826-72303F79E528}.Release|x86.ActiveCfg = Release|Win32
		{0F8CBEF3-F4AB-4468-9826-72303F79E528}.Release|x86.Build.0 = Release|Win32
	EndGlobalSection
	GlobalSection(SolutionProperties) = preSolution
		HideSolutionNode = FALSE
	EndGlobalSection
	GlobalSection(ExtensibilityGlobals) = postSolution
		SolutionGuid = {30199EC5-44DB-4657-97AF-8A9B62809AA9}
	EndGlobalSection
EndGlobal
