
Microsoft Visual Studio Solution File, Format Version 12.00
# Visual Studio Version 17
VisualStudioVersion = 17.7.34031.279
MinimumVisualStudioVersion = 10.0.40219.1
Project("{8BC9CEB8-8B4A-11D0-8D11-00A0C91BC942}") = "ScreenCapture", "ScreenCapture\ScreenCapture.vcxproj", "{9F73FB12-7412-4509-BD1E-39AFF5903745}"
	ProjectSection(ProjectDependencies) = postProject
		{4C205593-11AC-40CC-BCA6-3EC46BBE1FFF} = {4C205593-11AC-40CC-BCA6-3EC46BBE1FFF}
		{699B1A03-564B-4669-B14D-2D7530F0EC6A} = {699B1A03-564B-4669-B14D-2D7530F0EC6A}
	EndProjectSection
EndProject
Project("{8BC9CEB8-8B4A-11D0-8D11-00A0C91BC942}") = "MultiThreadFrameGetter", "MultiThreadFrameGetter\MultiThreadFrameGetter.vcxproj", "{A7F9955A-D86E-4553-B04F-90863DC98018}"
	ProjectSection(ProjectDependencies) = postProject
		{9F73FB12-7412-4509-BD1E-39AFF5903745} = {9F73FB12-7412-4509-BD1E-39AFF5903745}
	EndProjectSection
EndProject
Project("{8BC9CEB8-8B4A-11D0-8D11-00A0C91BC942}") = "FramePacketizer", "FramePacketizer\FramePacketizer.vcxproj", "{645BC3DE-FEA4-4A34-8B9C-A7C774132519}"
	ProjectSection(ProjectDependencies) = postProject
		{4C205593-11AC-40CC-BCA6-3EC46BBE1FFF} = {4C205593-11AC-40CC-BCA6-3EC46BBE1FFF}
		{699B1A03-564B-4669-B14D-2D7530F0EC6A} = {699B1A03-564B-4669-B14D-2D7530F0EC6A}
		{7190B395-6F60-468F-AD8D-C939E8A9BB38} = {7190B395-6F60-468F-AD8D-C939E8A9BB38}
		{9F73FB12-7412-4509-BD1E-39AFF5903745} = {9F73FB12-7412-4509-BD1E-39AFF5903745}
		{A7F9955A-D86E-4553-B04F-90863DC98018} = {A7F9955A-D86E-4553-B04F-90863DC98018}
	EndProjectSection
EndProject
Project("{8BC9CEB8-8B4A-11D0-8D11-00A0C91BC942}") = "MutexQueue", "MutexQueue\MutexQueue.vcxproj", "{4C205593-11AC-40CC-BCA6-3EC46BBE1FFF}"
EndProject
Project("{8BC9CEB8-8B4A-11D0-8D11-00A0C91BC942}") = "ScreenPrinter", "ScreenPrinter\ScreenPrinter.vcxproj", "{7190B395-6F60-468F-AD8D-C939E8A9BB38}"
	ProjectSection(ProjectDependencies) = postProject
		{9F73FB12-7412-4509-BD1E-39AFF5903745} = {9F73FB12-7412-4509-BD1E-39AFF5903745}
	EndProjectSection
EndProject
Project("{8BC9CEB8-8B4A-11D0-8D11-00A0C91BC942}") = "CommonConfig", "CommonConfig\CommonConfig.vcxproj", "{9B3B07E3-16A5-4329-99BD-0BCE1503B40F}"
EndProject
Project("{8BC9CEB8-8B4A-11D0-8D11-00A0C91BC942}") = "RtspServer", "RtspServerExample\RtspServer.vcxproj", "{3E99FA7D-F5DF-4009-BE1A-6FE6682E8CC1}"
EndProject
Project("{8BC9CEB8-8B4A-11D0-8D11-00A0C91BC942}") = "Live555RtspServer", "Live555RtspServer\Live555RtspServer.vcxproj", "{0F8CBEF3-F4AB-4468-9826-72303F79E528}"
	ProjectSection(ProjectDependencies) = postProject
		{645BC3DE-FEA4-4A34-8B9C-A7C774132519} = {645BC3DE-FEA4-4A34-8B9C-A7C774132519}
	EndProjectSection
EndProject
Project("{8BC9CEB8-8B4A-11D0-8D11-00A0C91BC942}") = "Live555RtspClient", "Live555RtspClient\Live555RtspClient.vcxproj", "{F738DF87-33B0-4476-B91D-21819DD2A519}"
	ProjectSection(ProjectDependencies) = postProject
		{645BC3DE-FEA4-4A34-8B9C-A7C774132519} = {645BC3DE-FEA4-4A34-8B9C-A7C774132519}
		{9B3B07E3-16A5-4329-99BD-0BCE1503B40F} = {9B3B07E3-16A5-4329-99BD-0BCE1503B40F}
	EndProjectSection
EndProject
Project("{8BC9CEB8-8B4A-11D0-8D11-00A0C91BC942}") = "AudioPacketizer", "AudioPacketizer\AudioPacketizer.vcxproj", "{82B7FA51-CF32-4CE7-BA42-CCAF23854CA6}"
	ProjectSection(ProjectDependencies) = postProject
		{414E1030-F196-4A7A-A440-0FE413172E4A} = {414E1030-F196-4A7A-A440-0FE413172E4A}
		{645BC3DE-FEA4-4A34-8B9C-A7C774132519} = {645BC3DE-FEA4-4A34-8B9C-A7C774132519}
	EndProjectSection
EndProject
Project("{8BC9CEB8-8B4A-11D0-8D11-00A0C91BC942}") = "AudioCapture", "AudioCapture\AudioCapture.vcxproj", "{414E1030-F196-4A7A-A440-0FE413172E4A}"
	ProjectSection(ProjectDependencies) = postProject
		{699B1A03-564B-4669-B14D-2D7530F0EC6A} = {699B1A03-564B-4669-B14D-2D7530F0EC6A}
	EndProjectSection
EndProject
Project("{8BC9CEB8-8B4A-11D0-8D11-00A0C91BC942}") = "MemoryManage", "MemoryManage\MemoryManage.vcxproj", "{699B1A03-564B-4669-B14D-2D7530F0EC6A}"
	ProjectSection(ProjectDependencies) = postProject
		{4C205593-11AC-40CC-BCA6-3EC46BBE1FFF} = {4C205593-11AC-40CC-BCA6-3EC46BBE1FFF}
	EndProjectSection
EndProject
Project("{8BC9CEB8-8B4A-11D0-8D11-00A0C91BC942}") = "VideoPacketizer", "VideoPacketizer\VideoPacketizer.vcxproj", "{4EE21092-BD69-42AC-BB1E-C873C1890CE8}"
	ProjectSection(ProjectDependencies) = postProject
		{645BC3DE-FEA4-4A34-8B9C-A7C774132519} = {645BC3DE-FEA4-4A34-8B9C-A7C774132519}
		{9F73FB12-7412-4509-BD1E-39AFF5903745} = {9F73FB12-7412-4509-BD1E-39AFF5903745}
	EndProjectSection
EndProject
Project("{8BC9CEB8-8B4A-11D0-8D11-00A0C91BC942}") = "CodeTest", "CodeTest\CodeTest.vcxproj", "{23E6B4B0-F0D5-48C1-BFE7-47A82F7D52D3}"
	ProjectSection(ProjectDependencies) = postProject
		{0F8CBEF3-F4AB-4468-9826-72303F79E528} = {0F8CBEF3-F4AB-4468-9826-72303F79E528}
		{414E1030-F196-4A7A-A440-0FE413172E4A} = {414E1030-F196-4A7A-A440-0FE413172E4A}
		{4C205593-11AC-40CC-BCA6-3EC46BBE1FFF} = {4C205593-11AC-40CC-BCA6-3EC46BBE1FFF}
		{4EE21092-BD69-42AC-BB1E-C873C1890CE8} = {4EE21092-BD69-42AC-BB1E-C873C1890CE8}
		{645BC3DE-FEA4-4A34-8B9C-A7C774132519} = {645BC3DE-FEA4-4A34-8B9C-A7C774132519}
		{699B1A03-564B-4669-B14D-2D7530F0EC6A} = {699B1A03-564B-4669-B14D-2D7530F0EC6A}
		{7190B395-6F60-468F-AD8D-C939E8A9BB38} = {7190B395-6F60-468F-AD8D-C939E8A9BB38}
		{82B7FA51-CF32-4CE7-BA42-CCAF23854CA6} = {82B7FA51-CF32-4CE7-BA42-CCAF23854CA6}
		{9B3B07E3-16A5-4329-99BD-0BCE1503B40F} = {9B3B07E3-16A5-4329-99BD-0BCE1503B40F}
		{9F73FB12-7412-4509-BD1E-39AFF5903745} = {9F73FB12-7412-4509-BD1E-39AFF5903745}
		{A7F9955A-D86E-4553-B04F-90863DC98018} = {A7F9955A-D86E-4553-B04F-90863DC98018}
		{F738DF87-33B0-4476-B91D-21819DD2A519} = {F738DF87-33B0-4476-B91D-21819DD2A519}
	EndProjectSection
EndProject
Project("{8BC9CEB8-8B4A-11D0-8D11-00A0C91BC942}") = "CppRtspServ", "CppRtspServ\CppRtspServ.vcxproj", "{BB2FB89A-061C-45F8-B13F-DD9E892D0588}"
EndProject
Project("{8BC9CEB8-8B4A-11D0-8D11-00A0C91BC942}") = "MP4Muxer", "MP4Muxer\MP4Muxer.vcxproj", "{96D768EF-6C6D-4413-9089-FAB18F75B9D1}"
EndProject
Global
	GlobalSection(SolutionConfigurationPlatforms) = preSolution
		Debug|x64 = Debug|x64
		Debug|x86 = Debug|x86
		Release|x64 = Release|x64
		Release|x86 = Release|x86
	EndGlobalSection
	GlobalSection(ProjectConfigurationPlatforms) = postSolution
		{9F73FB12-7412-4509-BD1E-39AFF5903745}.Debug|x64.ActiveCfg = Debug|x64
		{9F73FB12-7412-4509-BD1E-39AFF5903745}.Debug|x64.Build.0 = Debug|x64
		{9F73FB12-7412-4509-BD1E-39AFF5903745}.Debug|x86.ActiveCfg = Debug|x64
		{9F73FB12-7412-4509-BD1E-39AFF5903745}.Release|x64.ActiveCfg = Release|x64
		{9F73FB12-7412-4509-BD1E-39AFF5903745}.Release|x64.Build.0 = Release|x64
		{9F73FB12-7412-4509-BD1E-39AFF5903745}.Release|x86.ActiveCfg = Release|x64
		{A7F9955A-D86E-4553-B04F-90863DC98018}.Debug|x64.ActiveCfg = Debug|x64
		{A7F9955A-D86E-4553-B04F-90863DC98018}.Debug|x64.Build.0 = Debug|x64
		{A7F9955A-D86E-4553-B04F-90863DC98018}.Debug|x86.ActiveCfg = Debug|x64
		{A7F9955A-D86E-4553-B04F-90863DC98018}.Release|x64.ActiveCfg = Release|x64
		{A7F9955A-D86E-4553-B04F-90863DC98018}.Release|x64.Build.0 = Release|x64
		{A7F9955A-D86E-4553-B04F-90863DC98018}.Release|x86.ActiveCfg = Release|x64
		{645BC3DE-FEA4-4A34-8B9C-A7C774132519}.Debug|x64.ActiveCfg = Debug|x64
		{645BC3DE-FEA4-4A34-8B9C-A7C774132519}.Debug|x64.Build.0 = Debug|x64
		{645BC3DE-FEA4-4A34-8B9C-A7C774132519}.Debug|x86.ActiveCfg = Debug|x64
		{645BC3DE-FEA4-4A34-8B9C-A7C774132519}.Release|x64.ActiveCfg = Release|x64
		{645BC3DE-FEA4-4A34-8B9C-A7C774132519}.Release|x64.Build.0 = Release|x64
		{645BC3DE-FEA4-4A34-8B9C-A7C774132519}.Release|x86.ActiveCfg = Release|Win32
		{645BC3DE-FEA4-4A34-8B9C-A7C774132519}.Release|x86.Build.0 = Release|Win32
		{4C205593-11AC-40CC-BCA6-3EC46BBE1FFF}.Debug|x64.ActiveCfg = Debug|x64
		{4C205593-11AC-40CC-BCA6-3EC46BBE1FFF}.Debug|x64.Build.0 = Debug|x64
		{4C205593-11AC-40CC-BCA6-3EC46BBE1FFF}.Debug|x86.ActiveCfg = Debug|x64
		{4C205593-11AC-40CC-BCA6-3EC46BBE1FFF}.Release|x64.ActiveCfg = Release|x64
		{4C205593-11AC-40CC-BCA6-3EC46BBE1FFF}.Release|x64.Build.0 = Release|x64
		{4C205593-11AC-40CC-BCA6-3EC46BBE1FFF}.Release|x86.ActiveCfg = Release|x64
		{7190B395-6F60-468F-AD8D-C939E8A9BB38}.Debug|x64.ActiveCfg = Debug|x64
		{7190B395-6F60-468F-AD8D-C939E8A9BB38}.Debug|x64.Build.0 = Debug|x64
		{7190B395-6F60-468F-AD8D-C939E8A9BB38}.Debug|x86.ActiveCfg = Debug|x64
		{7190B395-6F60-468F-AD8D-C939E8A9BB38}.Release|x64.ActiveCfg = Release|x64
		{7190B395-6F60-468F-AD8D-C939E8A9BB38}.Release|x64.Build.0 = Release|x64
		{7190B395-6F60-468F-AD8D-C939E8A9BB38}.Release|x86.ActiveCfg = Release|x64
		{9B3B07E3-16A5-4329-99BD-0BCE1503B40F}.Debug|x64.ActiveCfg = Debug|x64
		{9B3B07E3-16A5-4329-99BD-0BCE1503B40F}.Debug|x64.Build.0 = Debug|x64
		{9B3B07E3-16A5-4329-99BD-0BCE1503B40F}.Debug|x86.ActiveCfg = Debug|x64
		{9B3B07E3-16A5-4329-99BD-0BCE1503B40F}.Release|x64.ActiveCfg = Release|x64
		{9B3B07E3-16A5-4329-99BD-0BCE1503B40F}.Release|x64.Build.0 = Release|x64
		{9B3B07E3-16A5-4329-99BD-0BCE1503B40F}.Release|x86.ActiveCfg = Release|Win32
		{9B3B07E3-16A5-4329-99BD-0BCE1503B40F}.Release|x86.Build.0 = Release|Win32
		{3E99FA7D-F5DF-4009-BE1A-6FE6682E8CC1}.Debug|x64.ActiveCfg = Debug|x64
		{3E99FA7D-F5DF-4009-BE1A-6FE6682E8CC1}.Debug|x64.Build.0 = Debug|x64
		{3E99FA7D-F5DF-4009-BE1A-6FE6682E8CC1}.Debug|x86.ActiveCfg = Debug|x64
		{3E99FA7D-F5DF-4009-BE1A-6FE6682E8CC1}.Debug|x86.Build.0 = Debug|x64
		{3E99FA7D-F5DF-4009-BE1A-6FE6682E8CC1}.Release|x64.ActiveCfg = Release|x64
		{3E99FA7D-F5DF-4009-BE1A-6FE6682E8CC1}.Release|x64.Build.0 = Release|x64
		{3E99FA7D-F5DF-4009-BE1A-6FE6682E8CC1}.Release|x86.ActiveCfg = Release|x64
		{3E99FA7D-F5DF-4009-BE1A-6FE6682E8CC1}.Release|x86.Build.0 = Release|x64
		{0F8CBEF3-F4AB-4468-9826-72303F79E528}.Debug|x64.ActiveCfg = Debug|x64
		{0F8CBEF3-F4AB-4468-9826-72303F79E528}.Debug|x64.Build.0 = Debug|x64
		{0F8CBEF3-F4AB-4468-9826-72303F79E528}.Debug|x86.ActiveCfg = Debug|x64
		{0F8CBEF3-F4AB-4468-9826-72303F79E528}.Release|x64.ActiveCfg = Release|x64
		{0F8CBEF3-F4AB-4468-9826-72303F79E528}.Release|x64.Build.0 = Release|x64
		{0F8CBEF3-F4AB-4468-9826-72303F79E528}.Release|x86.ActiveCfg = Release|Win32
		{0F8CBEF3-F4AB-4468-9826-72303F79E528}.Release|x86.Build.0 = Release|Win32
		{F738DF87-33B0-4476-B91D-21819DD2A519}.Debug|x64.ActiveCfg = Debug|x64
		{F738DF87-33B0-4476-B91D-21819DD2A519}.Debug|x64.Build.0 = Debug|x64
		{F738DF87-33B0-4476-B91D-21819DD2A519}.Debug|x86.ActiveCfg = Debug|x64
		{F738DF87-33B0-4476-B91D-21819DD2A519}.Release|x64.ActiveCfg = Release|x64
		{F738DF87-33B0-4476-B91D-21819DD2A519}.Release|x64.Build.0 = Release|x64
		{F738DF87-33B0-4476-B91D-21819DD2A519}.Release|x86.ActiveCfg = Release|x64
		{82B7FA51-CF32-4CE7-BA42-CCAF23854CA6}.Debug|x64.ActiveCfg = Debug|x64
		{82B7FA51-CF32-4CE7-BA42-CCAF23854CA6}.Debug|x64.Build.0 = Debug|x64
		{82B7FA51-CF32-4CE7-BA42-CCAF23854CA6}.Debug|x86.ActiveCfg = Debug|x64
		{82B7FA51-CF32-4CE7-BA42-CCAF23854CA6}.Release|x64.ActiveCfg = Release|x64
		{82B7FA51-CF32-4CE7-BA42-CCAF23854CA6}.Release|x64.Build.0 = Release|x64
		{82B7FA51-CF32-4CE7-BA42-CCAF23854CA6}.Release|x86.ActiveCfg = Release|x64
		{414E1030-F196-4A7A-A440-0FE413172E4A}.Debug|x64.ActiveCfg = Debug|x64
		{414E1030-F196-4A7A-A440-0FE413172E4A}.Debug|x64.Build.0 = Debug|x64
		{414E1030-F196-4A7A-A440-0FE413172E4A}.Debug|x86.ActiveCfg = Debug|x64
		{414E1030-F196-4A7A-A440-0FE413172E4A}.Release|x64.ActiveCfg = Release|x64
		{414E1030-F196-4A7A-A440-0FE413172E4A}.Release|x64.Build.0 = Release|x64
		{414E1030-F196-4A7A-A440-0FE413172E4A}.Release|x86.ActiveCfg = Release|x64
		{699B1A03-564B-4669-B14D-2D7530F0EC6A}.Debug|x64.ActiveCfg = Debug|x64
		{699B1A03-564B-4669-B14D-2D7530F0EC6A}.Debug|x64.Build.0 = Debug|x64
		{699B1A03-564B-4669-B14D-2D7530F0EC6A}.Debug|x86.ActiveCfg = Debug|x64
		{699B1A03-564B-4669-B14D-2D7530F0EC6A}.Release|x64.ActiveCfg = Release|x64
		{699B1A03-564B-4669-B14D-2D7530F0EC6A}.Release|x64.Build.0 = Release|x64
		{699B1A03-564B-4669-B14D-2D7530F0EC6A}.Release|x86.ActiveCfg = Release|x64
		{4EE21092-BD69-42AC-BB1E-C873C1890CE8}.Debug|x64.ActiveCfg = Debug|x64
		{4EE21092-BD69-42AC-BB1E-C873C1890CE8}.Debug|x64.Build.0 = Debug|x64
		{4EE21092-BD69-42AC-BB1E-C873C1890CE8}.Debug|x86.ActiveCfg = Debug|x64
		{4EE21092-BD69-42AC-BB1E-C873C1890CE8}.Release|x64.ActiveCfg = Release|x64
		{4EE21092-BD69-42AC-BB1E-C873C1890CE8}.Release|x64.Build.0 = Release|x64
		{4EE21092-BD69-42AC-BB1E-C873C1890CE8}.Release|x86.ActiveCfg = Release|x64
		{23E6B4B0-F0D5-48C1-BFE7-47A82F7D52D3}.Debug|x64.ActiveCfg = Debug|x64
		{23E6B4B0-F0D5-48C1-BFE7-47A82F7D52D3}.Debug|x64.Build.0 = Debug|x64
		{23E6B4B0-F0D5-48C1-BFE7-47A82F7D52D3}.Debug|x86.ActiveCfg = Debug|x64
		{23E6B4B0-F0D5-48C1-BFE7-47A82F7D52D3}.Release|x64.ActiveCfg = Release|x64
		{23E6B4B0-F0D5-48C1-BFE7-47A82F7D52D3}.Release|x64.Build.0 = Release|x64
		{23E6B4B0-F0D5-48C1-BFE7-47A82F7D52D3}.Release|x86.ActiveCfg = Release|x64
		{BB2FB89A-061C-45F8-B13F-DD9E892D0588}.Debug|x64.ActiveCfg = Debug|x64
		{BB2FB89A-061C-45F8-B13F-DD9E892D0588}.Debug|x64.Build.0 = Debug|x64
		{BB2FB89A-061C-45F8-B13F-DD9E892D0588}.Debug|x86.ActiveCfg = Debug|x64
		{BB2FB89A-061C-45F8-B13F-DD9E892D0588}.Release|x64.ActiveCfg = Release|x64
		{BB2FB89A-061C-45F8-B13F-DD9E892D0588}.Release|x64.Build.0 = Release|x64
		{BB2FB89A-061C-45F8-B13F-DD9E892D0588}.Release|x86.ActiveCfg = Release|x64
		{96D768EF-6C6D-4413-9089-FAB18F75B9D1}.Debug|x64.ActiveCfg = Debug|x64
		{96D768EF-6C6D-4413-9089-FAB18F75B9D1}.Debug|x64.Build.0 = Debug|x64
		{96D768EF-6C6D-4413-9089-FAB18F75B9D1}.Debug|x86.ActiveCfg = Debug|x64
		{96D768EF-6C6D-4413-9089-FAB18F75B9D1}.Release|x64.ActiveCfg = Release|x64
		{96D768EF-6C6D-4413-9089-FAB18F75B9D1}.Release|x64.Build.0 = Release|x64
		{96D768EF-6C6D-4413-9089-FAB18F75B9D1}.Release|x86.ActiveCfg = Release|x64
	EndGlobalSection
	GlobalSection(SolutionProperties) = preSolution
		HideSolutionNode = FALSE
	EndGlobalSection
	GlobalSection(ExtensibilityGlobals) = postSolution
		SolutionGuid = {30199EC5-44DB-4657-97AF-8A9B62809AA9}
	EndGlobalSection
EndGlobal
