
Microsoft Visual Studio Solution File, Format Version 12.00
# Visual Studio Version 17
VisualStudioVersion = 17.5.33424.131
MinimumVisualStudioVersion = 10.0.40219.1
Project("{8BC9CEB8-8B4A-11D0-8D11-00A0C91BC942}") = "RemoteDesktop", "RemoteDesktop.vcxproj", "{956D305C-2409-4EDC-928F-7FD48C7CDDAC}"
EndProject
Project("{8BC9CEB8-8B4A-11D0-8D11-00A0C91BC942}") = "ScreenCapture", "..\ScreenCapture\ScreenCapture.vcxproj", "{9F73FB12-7412-4509-BD1E-39AFF5903745}"
EndProject
Global
	GlobalSection(SolutionConfigurationPlatforms) = preSolution
		Debug|x64 = Debug|x64
		Debug|x86 = Debug|x86
		Release|x64 = Release|x64
		Release|x86 = Release|x86
	EndGlobalSection
	GlobalSection(ProjectConfigurationPlatforms) = postSolution
		{956D305C-2409-4EDC-928F-7FD48C7CDDAC}.Debug|x64.ActiveCfg = Debug|x64
		{956D305C-2409-4EDC-928F-7FD48C7CDDAC}.Debug|x64.Build.0 = Debug|x64
		{956D305C-2409-4EDC-928F-7FD48C7CDDAC}.Debug|x86.ActiveCfg = Debug|Win32
		{956D305C-2409-4EDC-928F-7FD48C7CDDAC}.Debug|x86.Build.0 = Debug|Win32
		{956D305C-2409-4EDC-928F-7FD48C7CDDAC}.Release|x64.ActiveCfg = Release|x64
		{956D305C-2409-4EDC-928F-7FD48C7CDDAC}.Release|x64.Build.0 = Release|x64
		{956D305C-2409-4EDC-928F-7FD48C7CDDAC}.Release|x86.ActiveCfg = Release|Win32
		{956D305C-2409-4EDC-928F-7FD48C7CDDAC}.Release|x86.Build.0 = Release|Win32
		{9F73FB12-7412-4509-BD1E-39AFF5903745}.Debug|x64.ActiveCfg = Debug|x64
		{9F73FB12-7412-4509-BD1E-39AFF5903745}.Debug|x64.Build.0 = Debug|x64
		{9F73FB12-7412-4509-BD1E-39AFF5903745}.Debug|x86.ActiveCfg = Debug|Win32
		{9F73FB12-7412-4509-BD1E-39AFF5903745}.Debug|x86.Build.0 = Debug|Win32
		{9F73FB12-7412-4509-BD1E-39AFF5903745}.Release|x64.ActiveCfg = Release|x64
		{9F73FB12-7412-4509-BD1E-39AFF5903745}.Release|x64.Build.0 = Release|x64
		{9F73FB12-7412-4509-BD1E-39AFF5903745}.Release|x86.ActiveCfg = Release|Win32
		{9F73FB12-7412-4509-BD1E-39AFF5903745}.Release|x86.Build.0 = Release|Win32
	EndGlobalSection
	GlobalSection(SolutionProperties) = preSolution
		HideSolutionNode = FALSE
	EndGlobalSection
	GlobalSection(ExtensibilityGlobals) = postSolution
		SolutionGuid = {272212F2-2EB2-4475-87E2-EE9A2D44F0FE}
	EndGlobalSection
EndGlobal
