<?xml version="1.0" encoding="utf-8"?>
<Project ToolsVersion="4.0" xmlns="http://schemas.microsoft.com/developer/msbuild/2003">
  <ItemGroup>
    <Filter Include="소스 파일">
      <UniqueIdentifier>{4FC737F1-C7A5-4376-A066-2A32D752A2FF}</UniqueIdentifier>
      <Extensions>cpp;c;cc;cxx;c++;cppm;ixx;def;odl;idl;hpj;bat;asm;asmx</Extensions>
    </Filter>
    <Filter Include="헤더 파일">
      <UniqueIdentifier>{93995380-89BD-4b04-88EB-625FBE52EBFB}</UniqueIdentifier>
      <Extensions>h;hh;hpp;hxx;h++;hm;inl;inc;ipp;xsd</Extensions>
    </Filter>
    <Filter Include="리소스 파일">
      <UniqueIdentifier>{67DA6AB6-F800-4c08-8B7A-83BB121AAD01}</UniqueIdentifier>
      <Extensions>rc;ico;cur;bmp;dlg;rc2;rct;bin;rgs;gif;jpg;jpeg;jpe;resx;tiff;tif;png;wav;mfcribbon-ms</Extensions>
    </Filter>
    <Filter Include="TestCode">
      <UniqueIdentifier>{5c1732a2-6982-4489-a0b0-7afcbacaf8d9}</UniqueIdentifier>
    </Filter>
  </ItemGroup>
  <ItemGroup>
    <ClCompile Include="..\src\FramePacketizer\FrameDecoder.cpp">
      <Filter>소스 파일</Filter>
    </ClCompile>
    <ClCompile Include="..\src\FramePacketizer\FrameEncoder.cpp">
      <Filter>소스 파일</Filter>
    </ClCompile>
    <ClCompile Include="FrameEncoderTest.cpp">
      <Filter>TestCode</Filter>
    </ClCompile>
    <ClCompile Include="FrameDecoderTest.cpp">
      <Filter>TestCode</Filter>
    </ClCompile>
    <ClCompile Include="RTPSendTest.cpp">
      <Filter>TestCode</Filter>
    </ClCompile>
    <ClCompile Include="RTPRecvTest.cpp">
      <Filter>TestCode</Filter>
    </ClCompile>
    <ClCompile Include="..\src\FramePacketizer\AVFrameManage.cpp">
      <Filter>소스 파일</Filter>
    </ClCompile>
    <ClCompile Include="..\src\FramePacketizer\CoderThread\DecoderThread.cpp">
      <Filter>소스 파일</Filter>
    </ClCompile>
    <ClCompile Include="..\src\FramePacketizer\CoderThread\EncoderThread.cpp">
      <Filter>소스 파일</Filter>
    </ClCompile>
    <ClCompile Include="EncoderThreadTest.cpp">
      <Filter>TestCode</Filter>
    </ClCompile>
    <ClCompile Include="DecoderThreadTest.cpp">
      <Filter>TestCode</Filter>
    </ClCompile>
    <ClCompile Include="..\src\FramePacketizer\AVStructPool.cpp">
      <Filter>소스 파일</Filter>
    </ClCompile>
    <ClCompile Include="..\src\FramePacketizer\AVPacketManage.cpp">
      <Filter>소스 파일</Filter>
    </ClCompile>
    <ClCompile Include="..\src\FramePacketizer\PacketData.cpp">
      <Filter>소스 파일</Filter>
    </ClCompile>
  </ItemGroup>
  <ItemGroup>
    <ClInclude Include="..\header\FramePacketizer\FrameDecoder.h">
      <Filter>헤더 파일</Filter>
    </ClInclude>
    <ClInclude Include="..\header\FramePacketizer\FrameEncoder.h">
      <Filter>헤더 파일</Filter>
    </ClInclude>
    <ClInclude Include="..\header\FramePacketizer\AVFrameManage.h">
      <Filter>헤더 파일</Filter>
    </ClInclude>
    <ClInclude Include="..\header\FramePacketizer\CoderThread\DecoderThread.h">
      <Filter>헤더 파일</Filter>
    </ClInclude>
    <ClInclude Include="..\header\FramePacketizer\CoderThread\EncoderThread.h">
      <Filter>헤더 파일</Filter>
    </ClInclude>
    <ClInclude Include="..\header\FramePacketizer\AVStructPool.h">
      <Filter>헤더 파일</Filter>
    </ClInclude>
    <ClInclude Include="TestQueueMonitorThread.h">
      <Filter>TestCode</Filter>
    </ClInclude>
    <ClInclude Include="..\header\FramePacketizer\AVPacketManage.h">
      <Filter>헤더 파일</Filter>
    </ClInclude>
    <ClInclude Include="..\header\FramePacketizer\PacketData.h">
      <Filter>헤더 파일</Filter>
    </ClInclude>
  </ItemGroup>
</Project>